// !$*UTF8*$!
{
	archiveVersion = 1;
	classes = {
	};
	objectVersion = 55;
	objects = {

/* Begin PBXBuildFile section */
		3845811A275D49AE004E1B36 /* AppDelegate.swift in Sources */ = {isa = PBXBuildFile; fileRef = 38458119275D49AE004E1B36 /* AppDelegate.swift */; };
		3845811C275D49AE004E1B36 /* SceneDelegate.swift in Sources */ = {isa = PBXBuildFile; fileRef = 3845811B275D49AE004E1B36 /* SceneDelegate.swift */; };
		3845811E275D49AE004E1B36 /* ViewController.swift in Sources */ = {isa = PBXBuildFile; fileRef = 3845811D275D49AE004E1B36 /* ViewController.swift */; };
		38458121275D49AE004E1B36 /* Main.storyboard in Resources */ = {isa = PBXBuildFile; fileRef = 3845811F275D49AE004E1B36 /* Main.storyboard */; };
		38458124275D49AE004E1B36 /* TarefasApp.xcdatamodeld in Sources */ = {isa = PBXBuildFile; fileRef = 38458122275D49AE004E1B36 /* TarefasApp.xcdatamodeld */; };
		38458126275D49B0004E1B36 /* Assets.xcassets in Resources */ = {isa = PBXBuildFile; fileRef = 38458125275D49B0004E1B36 /* Assets.xcassets */; };
		38458129275D49B0004E1B36 /* LaunchScreen.storyboard in Resources */ = {isa = PBXBuildFile; fileRef = 38458127275D49B0004E1B36 /* LaunchScreen.storyboard */; };
		38458134275D4CBD004E1B36 /* TarefaViewController.swift in Sources */ = {isa = PBXBuildFile; fileRef = 38458133275D4CBD004E1B36 /* TarefaViewController.swift */; };
		38458136275D4D02004E1B36 /* ListarTarefasTableViewController.swift in Sources */ = {isa = PBXBuildFile; fileRef = 38458135275D4D02004E1B36 /* ListarTarefasTableViewController.swift */; };
		38458138275D4D0B004E1B36 /* SobreViewController.swift in Sources */ = {isa = PBXBuildFile; fileRef = 38458137275D4D0B004E1B36 /* SobreViewController.swift */; };
/* End PBXBuildFile section */

/* Begin PBXFileReference section */
		38458116275D49AE004E1B36 /* TarefasApp.app */ = {isa = PBXFileReference; explicitFileType = wrapper.application; includeInIndex = 0; path = TarefasApp.app; sourceTree = BUILT_PRODUCTS_DIR; };
		38458119275D49AE004E1B36 /* AppDelegate.swift */ = {isa = PBXFileReference; lastKnownFileType = sourcecode.swift; path = AppDelegate.swift; sourceTree = "<group>"; };
		3845811B275D49AE004E1B36 /* SceneDelegate.swift */ = {isa = PBXFileReference; lastKnownFileType = sourcecode.swift; path = SceneDelegate.swift; sourceTree = "<group>"; };
		3845811D275D49AE004E1B36 /* ViewController.swift */ = {isa = PBXFileReference; lastKnownFileType = sourcecode.swift; path = ViewController.swift; sourceTree = "<group>"; };
		38458120275D49AE004E1B36 /* Base */ = {isa = PBXFileReference; lastKnownFileType = file.storyboard; name = Base; path = Base.lproj/Main.storyboard; sourceTree = "<group>"; };
		38458123275D49AE004E1B36 /* TarefasApp.xcdatamodel */ = {isa = PBXFileReference; lastKnownFileType = wrapper.xcdatamodel; path = TarefasApp.xcdatamodel; sourceTree = "<group>"; };
		38458125275D49B0004E1B36 /* Assets.xcassets */ = {isa = PBXFileReference; lastKnownFileType = folder.assetcatalog; path = Assets.xcassets; sourceTree = "<group>"; };
		38458128275D49B0004E1B36 /* Base */ = {isa = PBXFileReference; lastKnownFileType = file.storyboard; name = Base; path = Base.lproj/LaunchScreen.storyboard; sourceTree = "<group>"; };
		3845812A275D49B0004E1B36 /* Info.plist */ = {isa = PBXFileReference; lastKnownFileType = text.plist.xml; path = Info.plist; sourceTree = "<group>"; };
		38458133275D4CBD004E1B36 /* TarefaViewController.swift */ = {isa = PBXFileReference; fileEncoding = 4; lastKnownFileType = sourcecode.swift; path = TarefaViewController.swift; sourceTree = "<group>"; };
		38458135275D4D02004E1B36 /* ListarTarefasTableViewController.swift */ = {isa = PBXFileReference; fileEncoding = 4; lastKnownFileType = sourcecode.swift; path = ListarTarefasTableViewController.swift; sourceTree = "<group>"; };
		38458137275D4D0B004E1B36 /* SobreViewController.swift */ = {isa = PBXFileReference; fileEncoding = 4; lastKnownFileType = sourcecode.swift; path = SobreViewController.swift; sourceTree = "<group>"; };
/* End PBXFileReference section */

/* Begin PBXFrameworksBuildPhase section */
		38458113275D49AE004E1B36 /* Frameworks */ = {
			isa = PBXFrameworksBuildPhase;
			buildActionMask = 2147483647;
			files = (
			);
			runOnlyForDeploymentPostprocessing = 0;
		};
/* End PBXFrameworksBuildPhase section */

/* Begin PBXGroup section */
		3845810D275D49AE004E1B36 = {
			isa = PBXGroup;
			children = (
				38458118275D49AE004E1B36 /* TarefasApp */,
				38458117275D49AE004E1B36 /* Products */,
			);
			sourceTree = "<group>";
		};
		38458117275D49AE004E1B36 /* Products */ = {
			isa = PBXGroup;
			children = (
				38458116275D49AE004E1B36 /* TarefasApp.app */,
			);
			name = Products;
			sourceTree = "<group>";
		};
		38458118275D49AE004E1B36 /* TarefasApp */ = {
			isa = PBXGroup;
			children = (
				38458132275D49D4004E1B36 /* Data */,
				38458131275D49CA004E1B36 /* ModelController */,
				38458130275D49BF004E1B36 /* View */,
				38458119275D49AE004E1B36 /* AppDelegate.swift */,
				3845811B275D49AE004E1B36 /* SceneDelegate.swift */,
				3845812A275D49B0004E1B36 /* Info.plist */,
			);
			path = TarefasApp;
			sourceTree = "<group>";
		};
		38458130275D49BF004E1B36 /* View */ = {
			isa = PBXGroup;
			children = (
				3845811F275D49AE004E1B36 /* Main.storyboard */,
				38458127275D49B0004E1B36 /* LaunchScreen.storyboard */,
				38458125275D49B0004E1B36 /* Assets.xcassets */,
			);
			path = View;
			sourceTree = "<group>";
		};
		38458131275D49CA004E1B36 /* ModelController */ = {
			isa = PBXGroup;
			children = (
				38458137275D4D0B004E1B36 /* SobreViewController.swift */,
				3845811D275D49AE004E1B36 /* ViewController.swift */,
				38458133275D4CBD004E1B36 /* TarefaViewController.swift */,
				38458135275D4D02004E1B36 /* ListarTarefasTableViewController.swift */,
			);
			path = ModelController;
			sourceTree = "<group>";
		};
		38458132275D49D4004E1B36 /* Data */ = {
			isa = PBXGroup;
			children = (
				38458122275D49AE004E1B36 /* TarefasApp.xcdatamodeld */,
			);
			path = Data;
			sourceTree = "<group>";
		};
/* End PBXGroup section */

/* Begin PBXNativeTarget section */
		38458115275D49AE004E1B36 /* TarefasApp */ = {
			isa = PBXNativeTarget;
			buildConfigurationList = 3845812D275D49B0004E1B36 /* Build configuration list for PBXNativeTarget "TarefasApp" */;
			buildPhases = (
				38458112275D49AE004E1B36 /* Sources */,
				38458113275D49AE004E1B36 /* Frameworks */,
				38458114275D49AE004E1B36 /* Resources */,
			);
			buildRules = (
			);
			dependencies = (
			);
			name = TarefasApp;
			productName = TarefasApp;
			productReference = 38458116275D49AE004E1B36 /* TarefasApp.app */;
			productType = "com.apple.product-type.application";
		};
/* End PBXNativeTarget section */

/* Begin PBXProject section */
		3845810E275D49AE004E1B36 /* Project object */ = {
			isa = PBXProject;
			attributes = {
				BuildIndependentTargetsInParallel = 1;
				LastSwiftUpdateCheck = 1310;
				LastUpgradeCheck = 1310;
				TargetAttributes = {
					38458115275D49AE004E1B36 = {
						CreatedOnToolsVersion = 13.1;
					};
				};
			};
			buildConfigurationList = 38458111275D49AE004E1B36 /* Build configuration list for PBXProject "TarefasApp" */;
			compatibilityVersion = "Xcode 13.0";
			developmentRegion = en;
			hasScannedForEncodings = 0;
			knownRegions = (
				en,
				Base,
			);
			mainGroup = 3845810D275D49AE004E1B36;
			productRefGroup = 38458117275D49AE004E1B36 /* Products */;
			projectDirPath = "";
			projectRoot = "";
			targets = (
				38458115275D49AE004E1B36 /* TarefasApp */,
			);
		};
/* End PBXProject section */

/* Begin PBXResourcesBuildPhase section */
		38458114275D49AE004E1B36 /* Resources */ = {
			isa = PBXResourcesBuildPhase;
			buildActionMask = 2147483647;
			files = (
				38458129275D49B0004E1B36 /* LaunchScreen.storyboard in Resources */,
				38458126275D49B0004E1B36 /* Assets.xcassets in Resources */,
				38458121275D49AE004E1B36 /* Main.storyboard in Resources */,
			);
			runOnlyForDeploymentPostprocessing = 0;
		};
/* End PBXResourcesBuildPhase section */

/* Begin PBXSourcesBuildPhase section */
		38458112275D49AE004E1B36 /* Sources */ = {
			isa = PBXSourcesBuildPhase;
			buildActionMask = 2147483647;
			files = (
				38458134275D4CBD004E1B36 /* TarefaViewController.swift in Sources */,
				38458136275D4D02004E1B36 /* ListarTarefasTableViewController.swift in Sources */,
				3845811E275D49AE004E1B36 /* ViewController.swift in Sources */,
				38458138275D4D0B004E1B36 /* SobreViewController.swift in Sources */,
				3845811A275D49AE004E1B36 /* AppDelegate.swift in Sources */,
				38458124275D49AE004E1B36 /* TarefasApp.xcdatamodeld in Sources */,
				3845811C275D49AE004E1B36 /* SceneDelegate.swift in Sources */,
			);
			runOnlyForDeploymentPostprocessing = 0;
		};
/* End PBXSourcesBuildPhase section */

/* Begin PBXVariantGroup section */
		3845811F275D49AE004E1B36 /* Main.storyboard */ = {
			isa = PBXVariantGroup;
			children = (
				38458120275D49AE004E1B36 /* Base */,
			);
			name = Main.storyboard;
			sourceTree = "<group>";
		};
		38458127275D49B0004E1B36 /* LaunchScreen.storyboard */ = {
			isa = PBXVariantGroup;
			children = (
				38458128275D49B0004E1B36 /* Base */,
			);
			name = LaunchScreen.storyboard;
			sourceTree = "<group>";
		};
/* End PBXVariantGroup section */

/* Begin XCBuildConfiguration section */
		3845812B275D49B0004E1B36 /* Debug */ = {
			isa = XCBuildConfiguration;
			buildSettings = {
				ALWAYS_SEARCH_USER_PATHS = NO;
				CLANG_ANALYZER_NONNULL = YES;
				CLANG_ANALYZER_NUMBER_OBJECT_CONVERSION = YES_AGGRESSIVE;
				CLANG_CXX_LANGUAGE_STANDARD = "gnu++17";
				CLANG_CXX_LIBRARY = "libc++";
				CLANG_ENABLE_MODULES = YES;
				CLANG_ENABLE_OBJC_ARC = YES;
				CLANG_ENABLE_OBJC_WEAK = YES;
				CLANG_WARN_BLOCK_CAPTURE_AUTORELEASING = YES;
				CLANG_WARN_BOOL_CONVERSION = YES;
				CLANG_WARN_COMMA = YES;
				CLANG_WARN_CONSTANT_CONVERSION = YES;
				CLANG_WARN_DEPRECATED_OBJC_IMPLEMENTATIONS = YES;
				CLANG_WARN_DIRECT_OBJC_ISA_USAGE = YES_ERROR;
				CLANG_WARN_DOCUMENTATION_COMMENTS = YES;
				CLANG_WARN_EMPTY_BODY = YES;
				CLANG_WARN_ENUM_CONVERSION = YES;
				CLANG_WARN_INFINITE_RECURSION = YES;
				CLANG_WARN_INT_CONVERSION = YES;
				CLANG_WARN_NON_LITERAL_NULL_CONVERSION = YES;
				CLANG_WARN_OBJC_IMPLICIT_RETAIN_SELF = YES;
				CLANG_WARN_OBJC_LITERAL_CONVERSION = YES;
				CLANG_WARN_OBJC_ROOT_CLASS = YES_ERROR;
				CLANG_WARN_QUOTED_INCLUDE_IN_FRAMEWORK_HEADER = YES;
				CLANG_WARN_RANGE_LOOP_ANALYSIS = YES;
				CLANG_WARN_STRICT_PROTOTYPES = YES;
				CLANG_WARN_SUSPICIOUS_MOVE = YES;
				CLANG_WARN_UNGUARDED_AVAILABILITY = YES_AGGRESSIVE;
				CLANG_WARN_UNREACHABLE_CODE = YES;
				CLANG_WARN__DUPLICATE_METHOD_MATCH = YES;
				COPY_PHASE_STRIP = NO;
				DEBUG_INFORMATION_FORMAT = dwarf;
				ENABLE_STRICT_OBJC_MSGSEND = YES;
				ENABLE_TESTABILITY = YES;
				GCC_C_LANGUAGE_STANDARD = gnu11;
				GCC_DYNAMIC_NO_PIC = NO;
				GCC_NO_COMMON_BLOCKS = YES;
				GCC_OPTIMIZATION_LEVEL = 0;
				GCC_PREPROCESSOR_DEFINITIONS = (
					"DEBUG=1",
					"$(inherited)",
				);
				GCC_WARN_64_TO_32_BIT_CONVERSION = YES;
				GCC_WARN_ABOUT_RETURN_TYPE = YES_ERROR;
				GCC_WARN_UNDECLARED_SELECTOR = YES;
				GCC_WARN_UNINITIALIZED_AUTOS = YES_AGGRESSIVE;
				GCC_WARN_UNUSED_FUNCTION = YES;
				GCC_WARN_UNUSED_VARIABLE = YES;
				IPHONEOS_DEPLOYMENT_TARGET = 15.0;
				MTL_ENABLE_DEBUG_INFO = INCLUDE_SOURCE;
				MTL_FAST_MATH = YES;
				ONLY_ACTIVE_ARCH = YES;
				SDKROOT = iphoneos;
				SWIFT_ACTIVE_COMPILATION_CONDITIONS = DEBUG;
				SWIFT_OPTIMIZATION_LEVEL = "-Onone";
			};
			name = Debug;
		};
		3845812C275D49B0004E1B36 /* Release */ = {
			isa = XCBuildConfiguration;
			buildSettings = {
				ALWAYS_SEARCH_USER_PATHS = NO;
				CLANG_ANALYZER_NONNULL = YES;
				CLANG_ANALYZER_NUMBER_OBJECT_CONVERSION = YES_AGGRESSIVE;
				CLANG_CXX_LANGUAGE_STANDARD = "gnu++17";
				CLANG_CXX_LIBRARY = "libc++";
				CLANG_ENABLE_MODULES = YES;
				CLANG_ENABLE_OBJC_ARC = YES;
				CLANG_ENABLE_OBJC_WEAK = YES;
				CLANG_WARN_BLOCK_CAPTURE_AUTORELEASING = YES;
				CLANG_WARN_BOOL_CONVERSION = YES;
				CLANG_WARN_COMMA = YES;
				CLANG_WARN_CONSTANT_CONVERSION = YES;
				CLANG_WARN_DEPRECATED_OBJC_IMPLEMENTATIONS = YES;
				CLANG_WARN_DIRECT_OBJC_ISA_USAGE = YES_ERROR;
				CLANG_WARN_DOCUMENTATION_COMMENTS = YES;
				CLANG_WARN_EMPTY_BODY = YES;
				CLANG_WARN_ENUM_CONVERSION = YES;
				CLANG_WARN_INFINITE_RECURSION = YES;
				CLANG_WARN_INT_CONVERSION = YES;
				CLANG_WARN_NON_LITERAL_NULL_CONVERSION = YES;
				CLANG_WARN_OBJC_IMPLICIT_RETAIN_SELF = YES;
				CLANG_WARN_OBJC_LITERAL_CONVERSION = YES;
				CLANG_WARN_OBJC_ROOT_CLASS = YES_ERROR;
				CLANG_WARN_QUOTED_INCLUDE_IN_FRAMEWORK_HEADER = YES;
				CLANG_WARN_RANGE_LOOP_ANALYSIS = YES;
				CLANG_WARN_STRICT_PROTOTYPES = YES;
				CLANG_WARN_SUSPICIOUS_MOVE = YES;
				CLANG_WARN_UNGUARDED_AVAILABILITY = YES_AGGRESSIVE;
				CLANG_WARN_UNREACHABLE_CODE = YES;
				CLANG_WARN__DUPLICATE_METHOD_MATCH = YES;
				COPY_PHASE_STRIP = NO;
				DEBUG_INFORMATION_FORMAT = "dwarf-with-dsym";
				ENABLE_NS_ASSERTIONS = NO;
				ENABLE_STRICT_OBJC_MSGSEND = YES;
				GCC_C_LANGUAGE_STANDARD = gnu11;
				GCC_NO_COMMON_BLOCKS = YES;
				GCC_WARN_64_TO_32_BIT_CONVERSION = YES;
				GCC_WARN_ABOUT_RETURN_TYPE = YES_ERROR;
				GCC_WARN_UNDECLARED_SELECTOR = YES;
				GCC_WARN_UNINITIALIZED_AUTOS = YES_AGGRESSIVE;
				GCC_WARN_UNUSED_FUNCTION = YES;
				GCC_WARN_UNUSED_VARIABLE = YES;
				IPHONEOS_DEPLOYMENT_TARGET = 15.0;
				MTL_ENABLE_DEBUG_INFO = NO;
				MTL_FAST_MATH = YES;
				SDKROOT = iphoneos;
				SWIFT_COMPILATION_MODE = wholemodule;
				SWIFT_OPTIMIZATION_LEVEL = "-O";
				VALIDATE_PRODUCT = YES;
			};
			name = Release;
		};
		3845812E275D49B0004E1B36 /* Debug */ = {
			isa = XCBuildConfiguration;
			buildSettings = {
				ASSETCATALOG_COMPILER_APPICON_NAME = AppIcon;
				ASSETCATALOG_COMPILER_GLOBAL_ACCENT_COLOR_NAME = AccentColor;
				CODE_SIGN_STYLE = Automatic;
				CURRENT_PROJECT_VERSION = 1;
				GENERATE_INFOPLIST_FILE = YES;
				INFOPLIST_FILE = TarefasApp/Info.plist;
				INFOPLIST_KEY_UIApplicationSupportsIndirectInputEvents = YES;
				INFOPLIST_KEY_UILaunchStoryboardName = LaunchScreen;
				INFOPLIST_KEY_UIMainStoryboardFile = Main;
				INFOPLIST_KEY_UISupportedInterfaceOrientations = UIInterfaceOrientationPortrait;
				INFOPLIST_KEY_UISupportedInterfaceOrientations_iPad = "UIInterfaceOrientationPortrait UIInterfaceOrientationPortraitUpsideDown UIInterfaceOrientationLandscapeLeft UIInterfaceOrientationLandscapeRight";
				INFOPLIST_KEY_UISupportedInterfaceOrientations_iPhone = UIInterfaceOrientationPortrait;
				LD_RUNPATH_SEARCH_PATHS = (
					"$(inherited)",
					"@executable_path/Frameworks",
				);
				MARKETING_VERSION = 1.0;
				PRODUCT_BUNDLE_IDENTIFIER = br.pucpr.TarefasApp;
				PRODUCT_NAME = "$(TARGET_NAME)";
				SWIFT_EMIT_LOC_STRINGS = YES;
				SWIFT_VERSION = 5.0;
				TARGETED_DEVICE_FAMILY = 1;
			};
			name = Debug;
		};
		3845812F275D49B0004E1B36 /* Release */ = {
			isa = XCBuildConfiguration;
			buildSettings = {
				ASSETCATALOG_COMPILER_APPICON_NAME = AppIcon;
				ASSETCATALOG_COMPILER_GLOBAL_ACCENT_COLOR_NAME = AccentColor;
				CODE_SIGN_STYLE = Automatic;
				CURRENT_PROJECT_VERSION = 1;
				GENERATE_INFOPLIST_FILE = YES;
				INFOPLIST_FILE = TarefasApp/Info.plist;
				INFOPLIST_KEY_UIApplicationSupportsIndirectInputEvents = YES;
				INFOPLIST_KEY_UILaunchStoryboardName = LaunchScreen;
				INFOPLIST_KEY_UIMainStoryboardFile = Main;
				INFOPLIST_KEY_UISupportedInterfaceOrientations = UIInterfaceOrientationPortrait;
				INFOPLIST_KEY_UISupportedInterfaceOrientations_iPad = "UIInterfaceOrientationPortrait UIInterfaceOrientationPortraitUpsideDown UIInterfaceOrientationLandscapeLeft UIInterfaceOrientationLandscapeRight";
				INFOPLIST_KEY_UISupportedInterfaceOrientations_iPhone = UIInterfaceOrientationPortrait;
				LD_RUNPATH_SEARCH_PATHS = (
					"$(inherited)",
					"@executable_path/Frameworks",
				);
				MARKETING_VERSION = 1.0;
				PRODUCT_BUNDLE_IDENTIFIER = br.pucpr.TarefasApp;
				PRODUCT_NAME = "$(TARGET_NAME)";
				SWIFT_EMIT_LOC_STRINGS = YES;
				SWIFT_VERSION = 5.0;
				TARGETED_DEVICE_FAMILY = 1;
			};
			name = Release;
		};
/* End XCBuildConfiguration section */

/* Begin XCConfigurationList section */
		38458111275D49AE004E1B36 /* Build configuration list for PBXProject "TarefasApp" */ = {
			isa = XCConfigurationList;
			buildConfigurations = (
				3845812B275D49B0004E1B36 /* Debug */,
				3845812C275D49B0004E1B36 /* Release */,
			);
			defaultConfigurationIsVisible = 0;
			defaultConfigurationName = Release;
		};
		3845812D275D49B0004E1B36 /* Build configuration list for PBXNativeTarget "TarefasApp" */ = {
			isa = XCConfigurationList;
			buildConfigurations = (
				3845812E275D49B0004E1B36 /* Debug */,
				3845812F275D49B0004E1B36 /* Release */,
			);
			defaultConfigurationIsVisible = 0;
			defaultConfigurationName = Release;
		};
/* End XCConfigurationList section */

/* Begin XCVersionGroup section */
		38458122275D49AE004E1B36 /* TarefasApp.xcdatamodeld */ = {
			isa = XCVersionGroup;
			children = (
				38458123275D49AE004E1B36 /* TarefasApp.xcdatamodel */,
			);
			currentVersion = 38458123275D49AE004E1B36 /* TarefasApp.xcdatamodel */;
			path = TarefasApp.xcdatamodeld;
			sourceTree = "<group>";
			versionGroupType = wrapper.xcdatamodel;
		};
/* End XCVersionGroup section */
	};
	rootObject = 3845810E275D49AE004E1B36 /* Project object */;
}
